version = 1
integrity = "sha256:11de2201966bc60bad3018e1378157559102cef5043fd987c1e9fb64e56351db"

[[package]]
name = "github.com/cmod-ecosystem/fmt"
version = "0.0.0-20260930-83341561"
source = "git"
repo = "https://github.com/cmod-ecosystem/fmt"
commit = "83341561ea05927715cad62cbdb0eaf3bcd143e3"
hash = "sha256:c04ce3c4779a073860c173c0f1478ae0736158d9223617aa3f6eec5c97bdcf22"
deps = []
features = []

[package.toolchain]
compiler = "clang"

[package.targets]

[[package]]
name = "github.com/cmod-ecosystem/json"
version = "0.0.0-20260312-3761884f"
source = "git"
repo = "https://github.com/cmod-ecosystem/json"
commit = "3761884fb33141f616b71781a9c28cee06f04079"
hash = "sha256:40950f08ea387533fa5dd5124b2b97a63279e40e5c3f1a73e9c41dd5ba56ecec"
deps = []
features = []

[package.toolchain]
compiler = "clang"

[package.targets]
