version = 1
integrity = "sha256:291413d19a6d99579172a52a0a0a8be2b65b641e196d0e870f39311c8f044f4d"

[[package]]
name = "github.com/cmod-ecosystem/fmt"
version = "0.0.0-20260312-7bf8390a"
source = "git"
repo = "https://github.com/cmod-ecosystem/fmt"
commit = "7bf8390ac3597c064822927970e84d68574a8eff"
hash = "sha256:9ca72aca620a956a95d00fbe93ab0e06cc28634e2836fc46b667632745b142a4"
deps = []
features = []

[package.toolchain]
compiler = "clang"

[package.targets]

[[package]]
name = "github.com/cmod-ecosystem/json"
version = "0.0.0-20260312-3761884f"
source = "git"
repo = "https://github.com/cmod-ecosystem/json"
commit = "3761884fb33141f616b71781a9c28cee06f04079"
hash = "sha256:40950f08ea387533fa5dd5124b2b97a63279e40e5c3f1a73e9c41dd5ba56ecec"
deps = []
features = []

[package.toolchain]
compiler = "clang"

[package.targets]
